
Microsoft Visual Studio Solution File, Format Version 12.00
# Visual Studio 14
VisualStudioVersion = 14.0.24720.0
MinimumVisualStudioVersion = 10.0.40219.1
Project("{FAE04EC0-301F-11D3-BF4B-00C04F79EFBC}") = "wenku10", "wenku10\wenku10.csproj", "{82F9B476-9D4B-4643-85B1-53329FE58F0C}"
EndProject
Project("{FAE04EC0-301F-11D3-BF4B-00C04F79EFBC}") = "Net.Astropenguin", "libs\libpenguin\Net.Astropenguin\Net.Astropenguin.csproj", "{5A6B4589-8C63-40D5-946F-759A9282A176}"
EndProject
Project("{FAE04EC0-301F-11D3-BF4B-00C04F79EFBC}") = "libwenku8", "libs\libwenku8\libwenku8.csproj", "{02AC68C5-6868-4EFD-8622-0FB49A5DE0C1}"
EndProject
Project("{8BC9CEB8-8B4A-11D0-8D11-00A0C91BC942}") = "libtranslate", "libs\libtranslate\libtranslate.vcxproj", "{6C187966-FFB6-4022-B80A-C966D099F14C}"
EndProject
Project("{FAE04EC0-301F-11D3-BF4B-00C04F79EFBC}") = "libtaotu", "libs\libtaotu\libtaotu.csproj", "{119B84B1-D42B-460C-8F72-4FAE1E2614F1}"
EndProject
Project("{FAE04EC0-301F-11D3-BF4B-00C04F79EFBC}") = "wenku8-protocol", "libs\wenku8-protocol\wenku8-protocol.csproj", "{9542B1BB-F868-4627-AFAB-7A99ED0EC7CA}"
EndProject
Project("{8BC9CEB8-8B4A-11D0-8D11-00A0C91BC942}") = "libeburc", "libs\libeburc\libeburc.vcxproj", "{CC217642-F7F5-4BDB-B4A2-ED6628466212}"
EndProject
Global
	GlobalSection(SharedMSBuildProjectFiles) = preSolution
		libs\libpenguin\Global\Global.projitems*{5a6b4589-8c63-40d5-946f-759a9282a176}*SharedItemsImports = 4
	EndGlobalSection
	GlobalSection(SolutionConfigurationPlatforms) = preSolution
		Beta|Any CPU = Beta|Any CPU
		Beta|ARM = Beta|ARM
		Beta|x64 = Beta|x64
		Beta|x86 = Beta|x86
		Debug|Any CPU = Debug|Any CPU
		Debug|ARM = Debug|ARM
		Debug|x64 = Debug|x64
		Debug|x86 = Debug|x86
		Release|Any CPU = Release|Any CPU
		Release|ARM = Release|ARM
		Release|x64 = Release|x64
		Release|x86 = Release|x86
		Testing|Any CPU = Testing|Any CPU
		Testing|ARM = Testing|ARM
		Testing|x64 = Testing|x64
		Testing|x86 = Testing|x86
	EndGlobalSection
	GlobalSection(ProjectConfigurationPlatforms) = postSolution
		{82F9B476-9D4B-4643-85B1-53329FE58F0C}.Beta|Any CPU.ActiveCfg = Beta|x86
		{82F9B476-9D4B-4643-85B1-53329FE58F0C}.Beta|ARM.ActiveCfg = Beta|ARM
		{82F9B476-9D4B-4643-85B1-53329FE58F0C}.Beta|ARM.Build.0 = Beta|ARM
		{82F9B476-9D4B-4643-85B1-53329FE58F0C}.Beta|ARM.Deploy.0 = Beta|ARM
		{82F9B476-9D4B-4643-85B1-53329FE58F0C}.Beta|x64.ActiveCfg = Beta|x64
		{82F9B476-9D4B-4643-85B1-53329FE58F0C}.Beta|x64.Build.0 = Beta|x64
		{82F9B476-9D4B-4643-85B1-53329FE58F0C}.Beta|x64.Deploy.0 = Beta|x64
		{82F9B476-9D4B-4643-85B1-53329FE58F0C}.Beta|x86.ActiveCfg = Beta|x86
		{82F9B476-9D4B-4643-85B1-53329FE58F0C}.Beta|x86.Build.0 = Beta|x86
		{82F9B476-9D4B-4643-85B1-53329FE58F0C}.Beta|x86.Deploy.0 = Beta|x86
		{82F9B476-9D4B-4643-85B1-53329FE58F0C}.Debug|Any CPU.ActiveCfg = Debug|x86
		{82F9B476-9D4B-4643-85B1-53329FE58F0C}.Debug|ARM.ActiveCfg = Debug|ARM
		{82F9B476-9D4B-4643-85B1-53329FE58F0C}.Debug|ARM.Build.0 = Debug|ARM
		{82F9B476-9D4B-4643-85B1-53329FE58F0C}.Debug|ARM.Deploy.0 = Debug|ARM
		{82F9B476-9D4B-4643-85B1-53329FE58F0C}.Debug|x64.ActiveCfg = Debug|x64
		{82F9B476-9D4B-4643-85B1-53329FE58F0C}.Debug|x64.Build.0 = Debug|x64
		{82F9B476-9D4B-4643-85B1-53329FE58F0C}.Debug|x64.Deploy.0 = Debug|x64
		{82F9B476-9D4B-4643-85B1-53329FE58F0C}.Debug|x86.ActiveCfg = Debug|x86
		{82F9B476-9D4B-4643-85B1-53329FE58F0C}.Debug|x86.Build.0 = Debug|x86
		{82F9B476-9D4B-4643-85B1-53329FE58F0C}.Debug|x86.Deploy.0 = Debug|x86
		{82F9B476-9D4B-4643-85B1-53329FE58F0C}.Release|Any CPU.ActiveCfg = Release|x86
		{82F9B476-9D4B-4643-85B1-53329FE58F0C}.Release|ARM.ActiveCfg = Release|ARM
		{82F9B476-9D4B-4643-85B1-53329FE58F0C}.Release|ARM.Build.0 = Release|ARM
		{82F9B476-9D4B-4643-85B1-53329FE58F0C}.Release|ARM.Deploy.0 = Release|ARM
		{82F9B476-9D4B-4643-85B1-53329FE58F0C}.Release|x64.ActiveCfg = Release|x64
		{82F9B476-9D4B-4643-85B1-53329FE58F0C}.Release|x64.Build.0 = Release|x64
		{82F9B476-9D4B-4643-85B1-53329FE58F0C}.Release|x64.Deploy.0 = Release|x64
		{82F9B476-9D4B-4643-85B1-53329FE58F0C}.Release|x86.ActiveCfg = Release|x86
		{82F9B476-9D4B-4643-85B1-53329FE58F0C}.Release|x86.Build.0 = Release|x86
		{82F9B476-9D4B-4643-85B1-53329FE58F0C}.Release|x86.Deploy.0 = Release|x86
		{82F9B476-9D4B-4643-85B1-53329FE58F0C}.Testing|Any CPU.ActiveCfg = Testing|x86
		{82F9B476-9D4B-4643-85B1-53329FE58F0C}.Testing|ARM.ActiveCfg = Testing|ARM
		{82F9B476-9D4B-4643-85B1-53329FE58F0C}.Testing|ARM.Build.0 = Testing|ARM
		{82F9B476-9D4B-4643-85B1-53329FE58F0C}.Testing|ARM.Deploy.0 = Testing|ARM
		{82F9B476-9D4B-4643-85B1-53329FE58F0C}.Testing|x64.ActiveCfg = Testing|x64
		{82F9B476-9D4B-4643-85B1-53329FE58F0C}.Testing|x64.Build.0 = Testing|x64
		{82F9B476-9D4B-4643-85B1-53329FE58F0C}.Testing|x64.Deploy.0 = Testing|x64
		{82F9B476-9D4B-4643-85B1-53329FE58F0C}.Testing|x86.ActiveCfg = Testing|x86
		{82F9B476-9D4B-4643-85B1-53329FE58F0C}.Testing|x86.Build.0 = Testing|x86
		{82F9B476-9D4B-4643-85B1-53329FE58F0C}.Testing|x86.Deploy.0 = Testing|x86
		{5A6B4589-8C63-40D5-946F-759A9282A176}.Beta|Any CPU.ActiveCfg = Debug|x86
		{5A6B4589-8C63-40D5-946F-759A9282A176}.Beta|Any CPU.Build.0 = Debug|x86
		{5A6B4589-8C63-40D5-946F-759A9282A176}.Beta|ARM.ActiveCfg = Release|ARM
		{5A6B4589-8C63-40D5-946F-759A9282A176}.Beta|ARM.Build.0 = Release|ARM
		{5A6B4589-8C63-40D5-946F-759A9282A176}.Beta|x64.ActiveCfg = Release|x64
		{5A6B4589-8C63-40D5-946F-759A9282A176}.Beta|x64.Build.0 = Release|x64
		{5A6B4589-8C63-40D5-946F-759A9282A176}.Beta|x86.ActiveCfg = Release|x86
		{5A6B4589-8C63-40D5-946F-759A9282A176}.Beta|x86.Build.0 = Release|x86
		{5A6B4589-8C63-40D5-946F-759A9282A176}.Debug|Any CPU.ActiveCfg = Debug|x86
		{5A6B4589-8C63-40D5-946F-759A9282A176}.Debug|ARM.ActiveCfg = Debug|ARM
		{5A6B4589-8C63-40D5-946F-759A9282A176}.Debug|ARM.Build.0 = Debug|ARM
		{5A6B4589-8C63-40D5-946F-759A9282A176}.Debug|x64.ActiveCfg = Debug|x64
		{5A6B4589-8C63-40D5-946F-759A9282A176}.Debug|x64.Build.0 = Debug|x64
		{5A6B4589-8C63-40D5-946F-759A9282A176}.Debug|x86.ActiveCfg = Debug|x86
		{5A6B4589-8C63-40D5-946F-759A9282A176}.Debug|x86.Build.0 = Debug|x86
		{5A6B4589-8C63-40D5-946F-759A9282A176}.Release|Any CPU.ActiveCfg = Release|x86
		{5A6B4589-8C63-40D5-946F-759A9282A176}.Release|ARM.ActiveCfg = Release|ARM
		{5A6B4589-8C63-40D5-946F-759A9282A176}.Release|ARM.Build.0 = Release|ARM
		{5A6B4589-8C63-40D5-946F-759A9282A176}.Release|x64.ActiveCfg = Release|x64
		{5A6B4589-8C63-40D5-946F-759A9282A176}.Release|x64.Build.0 = Release|x64
		{5A6B4589-8C63-40D5-946F-759A9282A176}.Release|x86.ActiveCfg = Release|x86
		{5A6B4589-8C63-40D5-946F-759A9282A176}.Release|x86.Build.0 = Release|x86
		{5A6B4589-8C63-40D5-946F-759A9282A176}.Testing|Any CPU.ActiveCfg = Debug|x86
		{5A6B4589-8C63-40D5-946F-759A9282A176}.Testing|Any CPU.Build.0 = Debug|x86
		{5A6B4589-8C63-40D5-946F-759A9282A176}.Testing|ARM.ActiveCfg = Release|ARM
		{5A6B4589-8C63-40D5-946F-759A9282A176}.Testing|ARM.Build.0 = Release|ARM
		{5A6B4589-8C63-40D5-946F-759A9282A176}.Testing|x64.ActiveCfg = Release|x64
		{5A6B4589-8C63-40D5-946F-759A9282A176}.Testing|x64.Build.0 = Release|x64
		{5A6B4589-8C63-40D5-946F-759A9282A176}.Testing|x86.ActiveCfg = Release|x86
		{5A6B4589-8C63-40D5-946F-759A9282A176}.Testing|x86.Build.0 = Release|x86
		{02AC68C5-6868-4EFD-8622-0FB49A5DE0C1}.Beta|Any CPU.ActiveCfg = Debug|x86
		{02AC68C5-6868-4EFD-8622-0FB49A5DE0C1}.Beta|Any CPU.Build.0 = Debug|x86
		{02AC68C5-6868-4EFD-8622-0FB49A5DE0C1}.Beta|ARM.ActiveCfg = Release|ARM
		{02AC68C5-6868-4EFD-8622-0FB49A5DE0C1}.Beta|ARM.Build.0 = Release|ARM
		{02AC68C5-6868-4EFD-8622-0FB49A5DE0C1}.Beta|x64.ActiveCfg = Release|x64
		{02AC68C5-6868-4EFD-8622-0FB49A5DE0C1}.Beta|x64.Build.0 = Release|x64
		{02AC68C5-6868-4EFD-8622-0FB49A5DE0C1}.Beta|x86.ActiveCfg = Release|x86
		{02AC68C5-6868-4EFD-8622-0FB49A5DE0C1}.Beta|x86.Build.0 = Release|x86
		{02AC68C5-6868-4EFD-8622-0FB49A5DE0C1}.Debug|Any CPU.ActiveCfg = Debug|x86
		{02AC68C5-6868-4EFD-8622-0FB49A5DE0C1}.Debug|ARM.ActiveCfg = Debug|ARM
		{02AC68C5-6868-4EFD-8622-0FB49A5DE0C1}.Debug|ARM.Build.0 = Debug|ARM
		{02AC68C5-6868-4EFD-8622-0FB49A5DE0C1}.Debug|x64.ActiveCfg = Debug|x64
		{02AC68C5-6868-4EFD-8622-0FB49A5DE0C1}.Debug|x64.Build.0 = Debug|x64
		{02AC68C5-6868-4EFD-8622-0FB49A5DE0C1}.Debug|x86.ActiveCfg = Debug|x86
		{02AC68C5-6868-4EFD-8622-0FB49A5DE0C1}.Debug|x86.Build.0 = Debug|x86
		{02AC68C5-6868-4EFD-8622-0FB49A5DE0C1}.Release|Any CPU.ActiveCfg = Release|x86
		{02AC68C5-6868-4EFD-8622-0FB49A5DE0C1}.Release|ARM.ActiveCfg = Release|ARM
		{02AC68C5-6868-4EFD-8622-0FB49A5DE0C1}.Release|ARM.Build.0 = Release|ARM
		{02AC68C5-6868-4EFD-8622-0FB49A5DE0C1}.Release|x64.ActiveCfg = Release|x64
		{02AC68C5-6868-4EFD-8622-0FB49A5DE0C1}.Release|x64.Build.0 = Release|x64
		{02AC68C5-6868-4EFD-8622-0FB49A5DE0C1}.Release|x86.ActiveCfg = Release|x86
		{02AC68C5-6868-4EFD-8622-0FB49A5DE0C1}.Release|x86.Build.0 = Release|x86
		{02AC68C5-6868-4EFD-8622-0FB49A5DE0C1}.Testing|Any CPU.ActiveCfg = Debug|x86
		{02AC68C5-6868-4EFD-8622-0FB49A5DE0C1}.Testing|Any CPU.Build.0 = Debug|x86
		{02AC68C5-6868-4EFD-8622-0FB49A5DE0C1}.Testing|ARM.ActiveCfg = Release|ARM
		{02AC68C5-6868-4EFD-8622-0FB49A5DE0C1}.Testing|ARM.Build.0 = Release|ARM
		{02AC68C5-6868-4EFD-8622-0FB49A5DE0C1}.Testing|x64.ActiveCfg = Release|x64
		{02AC68C5-6868-4EFD-8622-0FB49A5DE0C1}.Testing|x64.Build.0 = Release|x64
		{02AC68C5-6868-4EFD-8622-0FB49A5DE0C1}.Testing|x86.ActiveCfg = Release|x86
		{02AC68C5-6868-4EFD-8622-0FB49A5DE0C1}.Testing|x86.Build.0 = Release|x86
		{6C187966-FFB6-4022-B80A-C966D099F14C}.Beta|Any CPU.ActiveCfg = Release|x64
		{6C187966-FFB6-4022-B80A-C966D099F14C}.Beta|Any CPU.Build.0 = Release|x64
		{6C187966-FFB6-4022-B80A-C966D099F14C}.Beta|ARM.ActiveCfg = Release|ARM
		{6C187966-FFB6-4022-B80A-C966D099F14C}.Beta|ARM.Build.0 = Release|ARM
		{6C187966-FFB6-4022-B80A-C966D099F14C}.Beta|x64.ActiveCfg = Release|x64
		{6C187966-FFB6-4022-B80A-C966D099F14C}.Beta|x64.Build.0 = Release|x64
		{6C187966-FFB6-4022-B80A-C966D099F14C}.Beta|x86.ActiveCfg = Release|Win32
		{6C187966-FFB6-4022-B80A-C966D099F14C}.Beta|x86.Build.0 = Release|Win32
		{6C187966-FFB6-4022-B80A-C966D099F14C}.Debug|Any CPU.ActiveCfg = Debug|Win32
		{6C187966-FFB6-4022-B80A-C966D099F14C}.Debug|ARM.ActiveCfg = Debug|ARM
		{6C187966-FFB6-4022-B80A-C966D099F14C}.Debug|ARM.Build.0 = Debug|ARM
		{6C187966-FFB6-4022-B80A-C966D099F14C}.Debug|x64.ActiveCfg = Debug|x64
		{6C187966-FFB6-4022-B80A-C966D099F14C}.Debug|x64.Build.0 = Debug|x64
		{6C187966-FFB6-4022-B80A-C966D099F14C}.Debug|x86.ActiveCfg = Debug|Win32
		{6C187966-FFB6-4022-B80A-C966D099F14C}.Debug|x86.Build.0 = Debug|Win32
		{6C187966-FFB6-4022-B80A-C966D099F14C}.Release|Any CPU.ActiveCfg = Release|Win32
		{6C187966-FFB6-4022-B80A-C966D099F14C}.Release|ARM.ActiveCfg = Release|ARM
		{6C187966-FFB6-4022-B80A-C966D099F14C}.Release|ARM.Build.0 = Release|ARM
		{6C187966-FFB6-4022-B80A-C966D099F14C}.Release|x64.ActiveCfg = Release|x64
		{6C187966-FFB6-4022-B80A-C966D099F14C}.Release|x64.Build.0 = Release|x64
		{6C187966-FFB6-4022-B80A-C966D099F14C}.Release|x86.ActiveCfg = Release|Win32
		{6C187966-FFB6-4022-B80A-C966D099F14C}.Release|x86.Build.0 = Release|Win32
		{6C187966-FFB6-4022-B80A-C966D099F14C}.Testing|Any CPU.ActiveCfg = Release|x64
		{6C187966-FFB6-4022-B80A-C966D099F14C}.Testing|Any CPU.Build.0 = Release|x64
		{6C187966-FFB6-4022-B80A-C966D099F14C}.Testing|ARM.ActiveCfg = Release|ARM
		{6C187966-FFB6-4022-B80A-C966D099F14C}.Testing|ARM.Build.0 = Release|ARM
		{6C187966-FFB6-4022-B80A-C966D099F14C}.Testing|x64.ActiveCfg = Release|x64
		{6C187966-FFB6-4022-B80A-C966D099F14C}.Testing|x64.Build.0 = Release|x64
		{6C187966-FFB6-4022-B80A-C966D099F14C}.Testing|x86.ActiveCfg = Release|Win32
		{6C187966-FFB6-4022-B80A-C966D099F14C}.Testing|x86.Build.0 = Release|Win32
		{119B84B1-D42B-460C-8F72-4FAE1E2614F1}.Beta|Any CPU.ActiveCfg = Release|Any CPU
		{119B84B1-D42B-460C-8F72-4FAE1E2614F1}.Beta|Any CPU.Build.0 = Release|Any CPU
		{119B84B1-D42B-460C-8F72-4FAE1E2614F1}.Beta|ARM.ActiveCfg = Release|ARM
		{119B84B1-D42B-460C-8F72-4FAE1E2614F1}.Beta|ARM.Build.0 = Release|ARM
		{119B84B1-D42B-460C-8F72-4FAE1E2614F1}.Beta|x64.ActiveCfg = Release|x64
		{119B84B1-D42B-460C-8F72-4FAE1E2614F1}.Beta|x64.Build.0 = Release|x64
		{119B84B1-D42B-460C-8F72-4FAE1E2614F1}.Beta|x86.ActiveCfg = Release|x86
		{119B84B1-D42B-460C-8F72-4FAE1E2614F1}.Beta|x86.Build.0 = Release|x86
		{119B84B1-D42B-460C-8F72-4FAE1E2614F1}.Debug|Any CPU.ActiveCfg = Debug|Any CPU
		{119B84B1-D42B-460C-8F72-4FAE1E2614F1}.Debug|Any CPU.Build.0 = Debug|Any CPU
		{119B84B1-D42B-460C-8F72-4FAE1E2614F1}.Debug|ARM.ActiveCfg = Debug|ARM
		{119B84B1-D42B-460C-8F72-4FAE1E2614F1}.Debug|ARM.Build.0 = Debug|ARM
		{119B84B1-D42B-460C-8F72-4FAE1E2614F1}.Debug|x64.ActiveCfg = Debug|x64
		{119B84B1-D42B-460C-8F72-4FAE1E2614F1}.Debug|x64.Build.0 = Debug|x64
		{119B84B1-D42B-460C-8F72-4FAE1E2614F1}.Debug|x86.ActiveCfg = Debug|x86
		{119B84B1-D42B-460C-8F72-4FAE1E2614F1}.Debug|x86.Build.0 = Debug|x86
		{119B84B1-D42B-460C-8F72-4FAE1E2614F1}.Release|Any CPU.ActiveCfg = Release|Any CPU
		{119B84B1-D42B-460C-8F72-4FAE1E2614F1}.Release|Any CPU.Build.0 = Release|Any CPU
		{119B84B1-D42B-460C-8F72-4FAE1E2614F1}.Release|ARM.ActiveCfg = Release|ARM
		{119B84B1-D42B-460C-8F72-4FAE1E2614F1}.Release|ARM.Build.0 = Release|ARM
		{119B84B1-D42B-460C-8F72-4FAE1E2614F1}.Release|x64.ActiveCfg = Release|x64
		{119B84B1-D42B-460C-8F72-4FAE1E2614F1}.Release|x64.Build.0 = Release|x64
		{119B84B1-D42B-460C-8F72-4FAE1E2614F1}.Release|x86.ActiveCfg = Release|x86
		{119B84B1-D42B-460C-8F72-4FAE1E2614F1}.Release|x86.Build.0 = Release|x86
		{119B84B1-D42B-460C-8F72-4FAE1E2614F1}.Testing|Any CPU.ActiveCfg = Release|Any CPU
		{119B84B1-D42B-460C-8F72-4FAE1E2614F1}.Testing|Any CPU.Build.0 = Release|Any CPU
		{119B84B1-D42B-460C-8F72-4FAE1E2614F1}.Testing|ARM.ActiveCfg = Release|ARM
		{119B84B1-D42B-460C-8F72-4FAE1E2614F1}.Testing|ARM.Build.0 = Release|ARM
		{119B84B1-D42B-460C-8F72-4FAE1E2614F1}.Testing|x64.ActiveCfg = Release|x64
		{119B84B1-D42B-460C-8F72-4FAE1E2614F1}.Testing|x64.Build.0 = Release|x64
		{119B84B1-D42B-460C-8F72-4FAE1E2614F1}.Testing|x86.ActiveCfg = Release|x86
		{119B84B1-D42B-460C-8F72-4FAE1E2614F1}.Testing|x86.Build.0 = Release|x86
		{9542B1BB-F868-4627-AFAB-7A99ED0EC7CA}.Beta|Any CPU.ActiveCfg = Release|Any CPU
		{9542B1BB-F868-4627-AFAB-7A99ED0EC7CA}.Beta|Any CPU.Build.0 = Release|Any CPU
		{9542B1BB-F868-4627-AFAB-7A99ED0EC7CA}.Beta|ARM.ActiveCfg = Release|ARM
		{9542B1BB-F868-4627-AFAB-7A99ED0EC7CA}.Beta|ARM.Build.0 = Release|ARM
		{9542B1BB-F868-4627-AFAB-7A99ED0EC7CA}.Beta|x64.ActiveCfg = Release|x64
		{9542B1BB-F868-4627-AFAB-7A99ED0EC7CA}.Beta|x64.Build.0 = Release|x64
		{9542B1BB-F868-4627-AFAB-7A99ED0EC7CA}.Beta|x86.ActiveCfg = Release|x86
		{9542B1BB-F868-4627-AFAB-7A99ED0EC7CA}.Beta|x86.Build.0 = Release|x86
		{9542B1BB-F868-4627-AFAB-7A99ED0EC7CA}.Debug|Any CPU.ActiveCfg = Debug|Any CPU
		{9542B1BB-F868-4627-AFAB-7A99ED0EC7CA}.Debug|Any CPU.Build.0 = Debug|Any CPU
		{9542B1BB-F868-4627-AFAB-7A99ED0EC7CA}.Debug|ARM.ActiveCfg = Debug|ARM
		{9542B1BB-F868-4627-AFAB-7A99ED0EC7CA}.Debug|ARM.Build.0 = Debug|ARM
		{9542B1BB-F868-4627-AFAB-7A99ED0EC7CA}.Debug|x64.ActiveCfg = Debug|x64
		{9542B1BB-F868-4627-AFAB-7A99ED0EC7CA}.Debug|x64.Build.0 = Debug|x64
		{9542B1BB-F868-4627-AFAB-7A99ED0EC7CA}.Debug|x86.ActiveCfg = Debug|x86
		{9542B1BB-F868-4627-AFAB-7A99ED0EC7CA}.Debug|x86.Build.0 = Debug|x86
		{9542B1BB-F868-4627-AFAB-7A99ED0EC7CA}.Release|Any CPU.ActiveCfg = Release|Any CPU
		{9542B1BB-F868-4627-AFAB-7A99ED0EC7CA}.Release|Any CPU.Build.0 = Release|Any CPU
		{9542B1BB-F868-4627-AFAB-7A99ED0EC7CA}.Release|ARM.ActiveCfg = Release|ARM
		{9542B1BB-F868-4627-AFAB-7A99ED0EC7CA}.Release|ARM.Build.0 = Release|ARM
		{9542B1BB-F868-4627-AFAB-7A99ED0EC7CA}.Release|x64.ActiveCfg = Release|x64
		{9542B1BB-F868-4627-AFAB-7A99ED0EC7CA}.Release|x64.Build.0 = Release|x64
		{9542B1BB-F868-4627-AFAB-7A99ED0EC7CA}.Release|x86.ActiveCfg = Release|x86
		{9542B1BB-F868-4627-AFAB-7A99ED0EC7CA}.Release|x86.Build.0 = Release|x86
		{9542B1BB-F868-4627-AFAB-7A99ED0EC7CA}.Testing|Any CPU.ActiveCfg = Release|Any CPU
		{9542B1BB-F868-4627-AFAB-7A99ED0EC7CA}.Testing|Any CPU.Build.0 = Release|Any CPU
		{9542B1BB-F868-4627-AFAB-7A99ED0EC7CA}.Testing|ARM.ActiveCfg = Release|ARM
		{9542B1BB-F868-4627-AFAB-7A99ED0EC7CA}.Testing|ARM.Build.0 = Release|ARM
		{9542B1BB-F868-4627-AFAB-7A99ED0EC7CA}.Testing|x64.ActiveCfg = Release|x64
		{9542B1BB-F868-4627-AFAB-7A99ED0EC7CA}.Testing|x64.Build.0 = Release|x64
		{9542B1BB-F868-4627-AFAB-7A99ED0EC7CA}.Testing|x86.ActiveCfg = Release|x86
		{9542B1BB-F868-4627-AFAB-7A99ED0EC7CA}.Testing|x86.Build.0 = Release|x86
		{CC217642-F7F5-4BDB-B4A2-ED6628466212}.Beta|Any CPU.ActiveCfg = Release|x64
		{CC217642-F7F5-4BDB-B4A2-ED6628466212}.Beta|Any CPU.Build.0 = Release|x64
		{CC217642-F7F5-4BDB-B4A2-ED6628466212}.Beta|ARM.ActiveCfg = Release|ARM
		{CC217642-F7F5-4BDB-B4A2-ED6628466212}.Beta|ARM.Build.0 = Release|ARM
		{CC217642-F7F5-4BDB-B4A2-ED6628466212}.Beta|x64.ActiveCfg = Release|x64
		{CC217642-F7F5-4BDB-B4A2-ED6628466212}.Beta|x64.Build.0 = Release|x64
		{CC217642-F7F5-4BDB-B4A2-ED6628466212}.Beta|x86.ActiveCfg = Release|Win32
		{CC217642-F7F5-4BDB-B4A2-ED6628466212}.Beta|x86.Build.0 = Release|Win32
		{CC217642-F7F5-4BDB-B4A2-ED6628466212}.Debug|Any CPU.ActiveCfg = Debug|Win32
		{CC217642-F7F5-4BDB-B4A2-ED6628466212}.Debug|ARM.ActiveCfg = Debug|ARM
		{CC217642-F7F5-4BDB-B4A2-ED6628466212}.Debug|ARM.Build.0 = Debug|ARM
		{CC217642-F7F5-4BDB-B4A2-ED6628466212}.Debug|x64.ActiveCfg = Debug|x64
		{CC217642-F7F5-4BDB-B4A2-ED6628466212}.Debug|x64.Build.0 = Debug|x64
		{CC217642-F7F5-4BDB-B4A2-ED6628466212}.Debug|x86.ActiveCfg = Debug|Win32
		{CC217642-F7F5-4BDB-B4A2-ED6628466212}.Debug|x86.Build.0 = Debug|Win32
		{CC217642-F7F5-4BDB-B4A2-ED6628466212}.Release|Any CPU.ActiveCfg = Release|Win32
		{CC217642-F7F5-4BDB-B4A2-ED6628466212}.Release|ARM.ActiveCfg = Release|ARM
		{CC217642-F7F5-4BDB-B4A2-ED6628466212}.Release|ARM.Build.0 = Release|ARM
		{CC217642-F7F5-4BDB-B4A2-ED6628466212}.Release|x64.ActiveCfg = Release|x64
		{CC217642-F7F5-4BDB-B4A2-ED6628466212}.Release|x64.Build.0 = Release|x64
		{CC217642-F7F5-4BDB-B4A2-ED6628466212}.Release|x86.ActiveCfg = Release|Win32
		{CC217642-F7F5-4BDB-B4A2-ED6628466212}.Release|x86.Build.0 = Release|Win32
		{CC217642-F7F5-4BDB-B4A2-ED6628466212}.Testing|Any CPU.ActiveCfg = Release|x64
		{CC217642-F7F5-4BDB-B4A2-ED6628466212}.Testing|Any CPU.Build.0 = Release|x64
		{CC217642-F7F5-4BDB-B4A2-ED6628466212}.Testing|ARM.ActiveCfg = Release|ARM
		{CC217642-F7F5-4BDB-B4A2-ED6628466212}.Testing|ARM.Build.0 = Release|ARM
		{CC217642-F7F5-4BDB-B4A2-ED6628466212}.Testing|x64.ActiveCfg = Release|x64
		{CC217642-F7F5-4BDB-B4A2-ED6628466212}.Testing|x64.Build.0 = Release|x64
		{CC217642-F7F5-4BDB-B4A2-ED6628466212}.Testing|x86.ActiveCfg = Release|Win32
		{CC217642-F7F5-4BDB-B4A2-ED6628466212}.Testing|x86.Build.0 = Release|Win32
	EndGlobalSection
	GlobalSection(SolutionProperties) = preSolution
		HideSolutionNode = FALSE
	EndGlobalSection
EndGlobal
